
Microsoft Visual Studio Solution File, Format Version 12.00
# Visual Studio Version 17
VisualStudioVersion = 17.4.33213.308
MinimumVisualStudioVersion = 10.0.40219.1
Project("{FAE04EC0-301F-11D3-BF4B-00C04F79EFBC}") = "IntegerOperations", "IntegerOperations\IntegerOperations.csproj", "{EFF66D35-144C-4A31-A35D-1F0C1020BCE4}"
EndProject
Global
	GlobalSection(SolutionConfigurationPlatforms) = preSolution
		Debug|Any CPU = Debug|Any CPU
		Release|Any CPU = Release|Any CPU
	EndGlobalSection
	GlobalSection(ProjectConfigurationPlatforms) = postSolution
		{EFF66D35-144C-4A31-A35D-1F0C1020BCE4}.Debug|Any CPU.ActiveCfg = Debug|Any CPU
		{EFF66D35-144C-4A31-A35D-1F0C1020BCE4}.Debug|Any CPU.Build.0 = Debug|Any CPU
		{EFF66D35-144C-4A31-A35D-1F0C1020BCE4}.Release|Any CPU.ActiveCfg = Release|Any CPU
		{EFF66D35-144C-4A31-A35D-1F0C1020BCE4}.Release|Any CPU.Build.0 = Release|Any CPU
	EndGlobalSection
	GlobalSection(SolutionProperties) = preSolution
		HideSolutionNode = FALSE
	EndGlobalSection
	GlobalSection(ExtensibilityGlobals) = postSolution
		SolutionGuid = {C87A5F11-B822-4FB7-94EB-40EF18ADCF0C}
	EndGlobalSection
EndGlobal
