
Microsoft Visual Studio Solution File, Format Version 12.00
# Visual Studio Version 17
VisualStudioVersion = 17.4.33213.308
MinimumVisualStudioVersion = 10.0.40219.1
Project("{FAE04EC0-301F-11D3-BF4B-00C04F79EFBC}") = "01_Train", "01_Train\01_Train.csproj", "{0287FC0B-3ECE-493D-BC6D-3660C11C0470}"
EndProject
Project("{FAE04EC0-301F-11D3-BF4B-00C04F79EFBC}") = "02_CommonElements", "02_CommonElements\02_CommonElements.csproj", "{ABEBEEFE-1735-4E4B-A022-084314F358F8}"
EndProject
Project("{FAE04EC0-301F-11D3-BF4B-00C04F79EFBC}") = "03_ZigZagArrays", "03_ZigZagArrays\03_ZigZagArrays.csproj", "{76957E2B-D8B7-4FFA-AA8D-72C6E9AA2A9D}"
EndProject
Global
	GlobalSection(SolutionConfigurationPlatforms) = preSolution
		Debug|Any CPU = Debug|Any CPU
		Release|Any CPU = Release|Any CPU
	EndGlobalSection
	GlobalSection(ProjectConfigurationPlatforms) = postSolution
		{0287FC0B-3ECE-493D-BC6D-3660C11C0470}.Debug|Any CPU.ActiveCfg = Debug|Any CPU
		{0287FC0B-3ECE-493D-BC6D-3660C11C0470}.Debug|Any CPU.Build.0 = Debug|Any CPU
		{0287FC0B-3ECE-493D-BC6D-3660C11C0470}.Release|Any CPU.ActiveCfg = Release|Any CPU
		{0287FC0B-3ECE-493D-BC6D-3660C11C0470}.Release|Any CPU.Build.0 = Release|Any CPU
		{ABEBEEFE-1735-4E4B-A022-084314F358F8}.Debug|Any CPU.ActiveCfg = Debug|Any CPU
		{ABEBEEFE-1735-4E4B-A022-084314F358F8}.Debug|Any CPU.Build.0 = Debug|Any CPU
		{ABEBEEFE-1735-4E4B-A022-084314F358F8}.Release|Any CPU.ActiveCfg = Release|Any CPU
		{ABEBEEFE-1735-4E4B-A022-084314F358F8}.Release|Any CPU.Build.0 = Release|Any CPU
		{76957E2B-D8B7-4FFA-AA8D-72C6E9AA2A9D}.Debug|Any CPU.ActiveCfg = Debug|Any CPU
		{76957E2B-D8B7-4FFA-AA8D-72C6E9AA2A9D}.Debug|Any CPU.Build.0 = Debug|Any CPU
		{76957E2B-D8B7-4FFA-AA8D-72C6E9AA2A9D}.Release|Any CPU.ActiveCfg = Release|Any CPU
		{76957E2B-D8B7-4FFA-AA8D-72C6E9AA2A9D}.Release|Any CPU.Build.0 = Release|Any CPU
	EndGlobalSection
	GlobalSection(SolutionProperties) = preSolution
		HideSolutionNode = FALSE
	EndGlobalSection
	GlobalSection(ExtensibilityGlobals) = postSolution
		SolutionGuid = {E4D4C97D-BB04-4576-93C8-46BE7B348B09}
	EndGlobalSection
EndGlobal
