
Microsoft Visual Studio Solution File, Format Version 12.00
# Visual Studio Version 17
VisualStudioVersion = 17.4.33213.308
MinimumVisualStudioVersion = 10.0.40219.1
Project("{9A19103F-16F7-4668-BE54-9A1E7A4F7556}") = "01_Train", "01_Train\01_Train.csproj", "{0287FC0B-3ECE-493D-BC6D-3660C11C0470}"
EndProject
Project("{9A19103F-16F7-4668-BE54-9A1E7A4F7556}") = "02_CommonElements", "02_CommonElements\02_CommonElements.csproj", "{ABEBEEFE-1735-4E4B-A022-084314F358F8}"
EndProject
Project("{9A19103F-16F7-4668-BE54-9A1E7A4F7556}") = "03_ZigZagArrays", "03_ZigZagArrays\03_ZigZagArrays.csproj", "{76957E2B-D8B7-4FFA-AA8D-72C6E9AA2A9D}"
EndProject
Project("{9A19103F-16F7-4668-BE54-9A1E7A4F7556}") = "04_ArrayRotations", "04_ArrayRotations\04_ArrayRotations.csproj", "{78E7DA97-D4C3-460A-A95C-1F684E04B354}"
EndProject
Project("{9A19103F-16F7-4668-BE54-9A1E7A4F7556}") = "05_TopIntegers", "05_TopIntegers\05_TopIntegers.csproj", "{7ED69105-8B1A-4B88-9574-E67860CCEF0F}"
EndProject
Project("{9A19103F-16F7-4668-BE54-9A1E7A4F7556}") = "06_EqualSums", "06_EqualSums\06_EqualSums.csproj", "{323DBFEA-EB32-4E37-8111-08C34526B5B9}"
EndProject
Project("{FAE04EC0-301F-11D3-BF4B-00C04F79EFBC}") = "07_MaxSequenceOfEqualElements", "07_MaxSequenceOfEqualElements\07_MaxSequenceOfEqualElements.csproj", "{CD17AA9A-8A56-4B57-ABEE-7AAFB221589B}"
EndProject
Project("{FAE04EC0-301F-11D3-BF4B-00C04F79EFBC}") = "08_MagicSum", "08_MagicSum\08_MagicSum.csproj", "{330B877C-24D9-4CDB-9E4F-5973B82A91D7}"
EndProject
Global
	GlobalSection(SolutionConfigurationPlatforms) = preSolution
		Debug|Any CPU = Debug|Any CPU
		Release|Any CPU = Release|Any CPU
	EndGlobalSection
	GlobalSection(ProjectConfigurationPlatforms) = postSolution
		{0287FC0B-3ECE-493D-BC6D-3660C11C0470}.Debug|Any CPU.ActiveCfg = Debug|Any CPU
		{0287FC0B-3ECE-493D-BC6D-3660C11C0470}.Debug|Any CPU.Build.0 = Debug|Any CPU
		{0287FC0B-3ECE-493D-BC6D-3660C11C0470}.Release|Any CPU.ActiveCfg = Release|Any CPU
		{0287FC0B-3ECE-493D-BC6D-3660C11C0470}.Release|Any CPU.Build.0 = Release|Any CPU
		{ABEBEEFE-1735-4E4B-A022-084314F358F8}.Debug|Any CPU.ActiveCfg = Debug|Any CPU
		{ABEBEEFE-1735-4E4B-A022-084314F358F8}.Debug|Any CPU.Build.0 = Debug|Any CPU
		{ABEBEEFE-1735-4E4B-A022-084314F358F8}.Release|Any CPU.ActiveCfg = Release|Any CPU
		{ABEBEEFE-1735-4E4B-A022-084314F358F8}.Release|Any CPU.Build.0 = Release|Any CPU
		{76957E2B-D8B7-4FFA-AA8D-72C6E9AA2A9D}.Debug|Any CPU.ActiveCfg = Debug|Any CPU
		{76957E2B-D8B7-4FFA-AA8D-72C6E9AA2A9D}.Debug|Any CPU.Build.0 = Debug|Any CPU
		{76957E2B-D8B7-4FFA-AA8D-72C6E9AA2A9D}.Release|Any CPU.ActiveCfg = Release|Any CPU
		{76957E2B-D8B7-4FFA-AA8D-72C6E9AA2A9D}.Release|Any CPU.Build.0 = Release|Any CPU
		{78E7DA97-D4C3-460A-A95C-1F684E04B354}.Debug|Any CPU.ActiveCfg = Debug|Any CPU
		{78E7DA97-D4C3-460A-A95C-1F684E04B354}.Debug|Any CPU.Build.0 = Debug|Any CPU
		{78E7DA97-D4C3-460A-A95C-1F684E04B354}.Release|Any CPU.ActiveCfg = Release|Any CPU
		{78E7DA97-D4C3-460A-A95C-1F684E04B354}.Release|Any CPU.Build.0 = Release|Any CPU
		{7ED69105-8B1A-4B88-9574-E67860CCEF0F}.Debug|Any CPU.ActiveCfg = Debug|Any CPU
		{7ED69105-8B1A-4B88-9574-E67860CCEF0F}.Debug|Any CPU.Build.0 = Debug|Any CPU
		{7ED69105-8B1A-4B88-9574-E67860CCEF0F}.Release|Any CPU.ActiveCfg = Release|Any CPU
		{7ED69105-8B1A-4B88-9574-E67860CCEF0F}.Release|Any CPU.Build.0 = Release|Any CPU
		{323DBFEA-EB32-4E37-8111-08C34526B5B9}.Debug|Any CPU.ActiveCfg = Debug|Any CPU
		{323DBFEA-EB32-4E37-8111-08C34526B5B9}.Debug|Any CPU.Build.0 = Debug|Any CPU
		{323DBFEA-EB32-4E37-8111-08C34526B5B9}.Release|Any CPU.ActiveCfg = Release|Any CPU
		{323DBFEA-EB32-4E37-8111-08C34526B5B9}.Release|Any CPU.Build.0 = Release|Any CPU
		{CD17AA9A-8A56-4B57-ABEE-7AAFB221589B}.Debug|Any CPU.ActiveCfg = Debug|Any CPU
		{CD17AA9A-8A56-4B57-ABEE-7AAFB221589B}.Debug|Any CPU.Build.0 = Debug|Any CPU
		{CD17AA9A-8A56-4B57-ABEE-7AAFB221589B}.Release|Any CPU.ActiveCfg = Release|Any CPU
		{CD17AA9A-8A56-4B57-ABEE-7AAFB221589B}.Release|Any CPU.Build.0 = Release|Any CPU
		{330B877C-24D9-4CDB-9E4F-5973B82A91D7}.Debug|Any CPU.ActiveCfg = Debug|Any CPU
		{330B877C-24D9-4CDB-9E4F-5973B82A91D7}.Debug|Any CPU.Build.0 = Debug|Any CPU
		{330B877C-24D9-4CDB-9E4F-5973B82A91D7}.Release|Any CPU.ActiveCfg = Release|Any CPU
		{330B877C-24D9-4CDB-9E4F-5973B82A91D7}.Release|Any CPU.Build.0 = Release|Any CPU
	EndGlobalSection
	GlobalSection(SolutionProperties) = preSolution
		HideSolutionNode = FALSE
	EndGlobalSection
	GlobalSection(ExtensibilityGlobals) = postSolution
		SolutionGuid = {E4D4C97D-BB04-4576-93C8-46BE7B348B09}
	EndGlobalSection
EndGlobal
