
Microsoft Visual Studio Solution File, Format Version 12.00
# Visual Studio Version 17
VisualStudioVersion = 17.7.34221.43
MinimumVisualStudioVersion = 10.0.40219.1
Project("{FAE04EC0-301F-11D3-BF4B-00C04F79EFBC}") = "01_Person", "01_Person\01_Person.csproj", "{23EA6F80-051C-45AA-86E1-E4179AAF2486}"
EndProject
Global
	GlobalSection(SolutionConfigurationPlatforms) = preSolution
		Debug|Any CPU = Debug|Any CPU
		Release|Any CPU = Release|Any CPU
	EndGlobalSection
	GlobalSection(ProjectConfigurationPlatforms) = postSolution
		{23EA6F80-051C-45AA-86E1-E4179AAF2486}.Debug|Any CPU.ActiveCfg = Debug|Any CPU
		{23EA6F80-051C-45AA-86E1-E4179AAF2486}.Debug|Any CPU.Build.0 = Debug|Any CPU
		{23EA6F80-051C-45AA-86E1-E4179AAF2486}.Release|Any CPU.ActiveCfg = Release|Any CPU
		{23EA6F80-051C-45AA-86E1-E4179AAF2486}.Release|Any CPU.Build.0 = Release|Any CPU
	EndGlobalSection
	GlobalSection(SolutionProperties) = preSolution
		HideSolutionNode = FALSE
	EndGlobalSection
	GlobalSection(ExtensibilityGlobals) = postSolution
		SolutionGuid = {712F10B6-6D6F-4358-97DB-FD11672BF832}
	EndGlobalSection
EndGlobal
