
Microsoft Visual Studio Solution File, Format Version 12.00
# Visual Studio Version 17
VisualStudioVersion = 17.4.33213.308
MinimumVisualStudioVersion = 10.0.40219.1
Project("{9A19103F-16F7-4668-BE54-9A1E7A4F7556}") = "01_SmallestOfThreeNumbers", "01_SmallestOfThreeNumbers\01_SmallestOfThreeNumbers.csproj", "{70A5047E-6D1D-4CBB-88F2-69BCA324EC69}"
EndProject
Project("{FAE04EC0-301F-11D3-BF4B-00C04F79EFBC}") = "02_VowelsCount", "02_VowelsCount\02_VowelsCount.csproj", "{7BFFC0D7-C19C-498F-917A-7A323AFC4292}"
EndProject
Project("{FAE04EC0-301F-11D3-BF4B-00C04F79EFBC}") = "03_CharactersInRange", "03_CharactersInRange\03_CharactersInRange.csproj", "{6515D69E-2B2C-4F73-B91A-C587EDAE4D84}"
EndProject
Global
	GlobalSection(SolutionConfigurationPlatforms) = preSolution
		Debug|Any CPU = Debug|Any CPU
		Release|Any CPU = Release|Any CPU
	EndGlobalSection
	GlobalSection(ProjectConfigurationPlatforms) = postSolution
		{70A5047E-6D1D-4CBB-88F2-69BCA324EC69}.Debug|Any CPU.ActiveCfg = Debug|Any CPU
		{70A5047E-6D1D-4CBB-88F2-69BCA324EC69}.Debug|Any CPU.Build.0 = Debug|Any CPU
		{70A5047E-6D1D-4CBB-88F2-69BCA324EC69}.Release|Any CPU.ActiveCfg = Release|Any CPU
		{70A5047E-6D1D-4CBB-88F2-69BCA324EC69}.Release|Any CPU.Build.0 = Release|Any CPU
		{7BFFC0D7-C19C-498F-917A-7A323AFC4292}.Debug|Any CPU.ActiveCfg = Debug|Any CPU
		{7BFFC0D7-C19C-498F-917A-7A323AFC4292}.Debug|Any CPU.Build.0 = Debug|Any CPU
		{7BFFC0D7-C19C-498F-917A-7A323AFC4292}.Release|Any CPU.ActiveCfg = Release|Any CPU
		{7BFFC0D7-C19C-498F-917A-7A323AFC4292}.Release|Any CPU.Build.0 = Release|Any CPU
		{6515D69E-2B2C-4F73-B91A-C587EDAE4D84}.Debug|Any CPU.ActiveCfg = Debug|Any CPU
		{6515D69E-2B2C-4F73-B91A-C587EDAE4D84}.Debug|Any CPU.Build.0 = Debug|Any CPU
		{6515D69E-2B2C-4F73-B91A-C587EDAE4D84}.Release|Any CPU.ActiveCfg = Release|Any CPU
		{6515D69E-2B2C-4F73-B91A-C587EDAE4D84}.Release|Any CPU.Build.0 = Release|Any CPU
	EndGlobalSection
	GlobalSection(SolutionProperties) = preSolution
		HideSolutionNode = FALSE
	EndGlobalSection
	GlobalSection(ExtensibilityGlobals) = postSolution
		SolutionGuid = {1A7D119F-DCDF-435F-A80D-43E6F598AA5A}
	EndGlobalSection
EndGlobal
